
Microsoft Visual Studio Solution File, Format Version 12.00
# Visual Studio Version 16
VisualStudioVersion = 16.0.810.23
MinimumVisualStudioVersion = 10.0.40219.1
Project("{FAE04EC0-301F-11D3-BF4B-00C04F79EFBC}") = "PRONIA", "PRONIA\PRONIA.csproj", "{7125DA96-AA20-4092-896C-207F64F5CD7D}"
EndProject
Global
	GlobalSection(SolutionConfigurationPlatforms) = preSolution
		Debug|Any CPU = Debug|Any CPU
		Release|Any CPU = Release|Any CPU
	EndGlobalSection
	GlobalSection(ProjectConfigurationPlatforms) = postSolution
		{7125DA96-AA20-4092-896C-207F64F5CD7D}.Debug|Any CPU.ActiveCfg = Debug|Any CPU
		{7125DA96-AA20-4092-896C-207F64F5CD7D}.Debug|Any CPU.Build.0 = Debug|Any CPU
		{7125DA96-AA20-4092-896C-207F64F5CD7D}.Release|Any CPU.ActiveCfg = Release|Any CPU
		{7125DA96-AA20-4092-896C-207F64F5CD7D}.Release|Any CPU.Build.0 = Release|Any CPU
	EndGlobalSection
	GlobalSection(SolutionProperties) = preSolution
		HideSolutionNode = FALSE
	EndGlobalSection
	GlobalSection(ExtensibilityGlobals) = postSolution
		SolutionGuid = {6DDCFF42-5588-4974-B30F-5424F9BECAB0}
	EndGlobalSection
EndGlobal
